<?xml version="1.0" encoding="utf-8"?>
<Project ToolsVersion="4.0" xmlns="http://schemas.microsoft.com/developer/msbuild/2003">
  <ItemGroup>
    <ClCompile Include="Main.cpp" />
    <ClCompile Include="TLinkProg.cpp" />
    <ClCompile Include="TPostfix.cpp" />
    <ClCompile Include="TMemoryManager.cpp" />
    <ClCompile Include="TLexicalAnalysis.cpp" />
    <ClCompile Include="TCompiler.cpp" />
  </ItemGroup>
  <ItemGroup>
    <ClInclude Include="TStack.h" />
    <ClInclude Include="_.h" />
    <ClInclude Include="TList.h" />
    <ClInclude Include="TLinkProg.h" />
    <ClInclude Include="TPostfix.h" />
    <ClInclude Include="TMemoryManager.h" />
    <ClInclude Include="TCompiler.h" />
    <ClInclude Include="TLexicalAnalysis.h" />
  </ItemGroup>
</Project>